
Microsoft Visual Studio Solution File, Format Version 12.00
# Visual Studio Version 16
VisualStudioVersion = 16.0.30907.101
MinimumVisualStudioVersion = 10.0.40219.1
Project("{FAE04EC0-301F-11D3-BF4B-00C04F79EFBC}") = "UForSchleife", "UForSchleife\UForSchleife.csproj", "{10976A5E-C8CD-429C-85CC-86128B161953}"
EndProject
Global
	GlobalSection(SolutionConfigurationPlatforms) = preSolution
		Debug|Any CPU = Debug|Any CPU
		Release|Any CPU = Release|Any CPU
	EndGlobalSection
	GlobalSection(ProjectConfigurationPlatforms) = postSolution
		{10976A5E-C8CD-429C-85CC-86128B161953}.Debug|Any CPU.ActiveCfg = Debug|Any CPU
		{10976A5E-C8CD-429C-85CC-86128B161953}.Debug|Any CPU.Build.0 = Debug|Any CPU
		{10976A5E-C8CD-429C-85CC-86128B161953}.Release|Any CPU.ActiveCfg = Release|Any CPU
		{10976A5E-C8CD-429C-85CC-86128B161953}.Release|Any CPU.Build.0 = Release|Any CPU
	EndGlobalSection
	GlobalSection(SolutionProperties) = preSolution
		HideSolutionNode = FALSE
	EndGlobalSection
	GlobalSection(ExtensibilityGlobals) = postSolution
		SolutionGuid = {6D9C5F8C-80E4-43CD-A50D-1C5F18F2DEC6}
	EndGlobalSection
EndGlobal
